// !$*UTF8*$!
{
	archiveVersion = 1;
	classes = {
	};
	objectVersion = 46;
	objects = {

/* Begin PBXBuildFile section */
		170631941CD95CDA001E71BC /* Enemy.cpp in Sources */ = {isa = PBXBuildFile; fileRef = 170631931CD95CDA001E71BC /* Enemy.cpp */; };
		170631971CD95DC2001E71BC /* Tileclass.cpp in Sources */ = {isa = PBXBuildFile; fileRef = 170631951CD95DC2001E71BC /* Tileclass.cpp */; };
		17669F331CBDCE0600F3931B /* main.cpp in Sources */ = {isa = PBXBuildFile; fileRef = 17669F321CBDCE0600F3931B /* main.cpp */; };
		17669F3A1CBDCEBB00F3931B /* SDL2.framework in Frameworks */ = {isa = PBXBuildFile; fileRef = 17669F391CBDCEBB00F3931B /* SDL2.framework */; };
		17A8F4791CC71C43008BC1FB /* SDL2_image.framework in Frameworks */ = {isa = PBXBuildFile; fileRef = 17A8F4781CC71C43008BC1FB /* SDL2_image.framework */; };
		17A8F47F1CC7266C008BC1FB /* Playerclass.cpp in Sources */ = {isa = PBXBuildFile; fileRef = 17A8F47D1CC7266C008BC1FB /* Playerclass.cpp */; };
/* End PBXBuildFile section */

/* Begin PBXCopyFilesBuildPhase section */
		17669F2D1CBDCE0600F3931B /* CopyFiles */ = {
			isa = PBXCopyFilesBuildPhase;
			buildActionMask = 2147483647;
			dstPath = /usr/share/man/man1/;
			dstSubfolderSpec = 0;
			files = (
			);
			runOnlyForDeploymentPostprocessing = 1;
		};
/* End PBXCopyFilesBuildPhase section */

/* Begin PBXFileReference section */
		170631921CD95CAD001E71BC /* Enemy.hpp */ = {isa = PBXFileReference; lastKnownFileType = sourcecode.cpp.h; path = Enemy.hpp; sourceTree = "<group>"; };
		170631931CD95CDA001E71BC /* Enemy.cpp */ = {isa = PBXFileReference; fileEncoding = 4; lastKnownFileType = sourcecode.cpp.cpp; path = Enemy.cpp; sourceTree = "<group>"; };
		170631951CD95DC2001E71BC /* Tileclass.cpp */ = {isa = PBXFileReference; fileEncoding = 4; lastKnownFileType = sourcecode.cpp.cpp; path = Tileclass.cpp; sourceTree = "<group>"; };
		170631961CD95DC2001E71BC /* Tileclass.hpp */ = {isa = PBXFileReference; fileEncoding = 4; lastKnownFileType = sourcecode.cpp.h; path = Tileclass.hpp; sourceTree = "<group>"; };
		17669F2F1CBDCE0600F3931B /* Skellingtons */ = {isa = PBXFileReference; explicitFileType = "compiled.mach-o.executable"; includeInIndex = 0; path = Skellingtons; sourceTree = BUILT_PRODUCTS_DIR; };
		17669F321CBDCE0600F3931B /* main.cpp */ = {isa = PBXFileReference; lastKnownFileType = sourcecode.cpp.cpp; path = main.cpp; sourceTree = "<group>"; };
		17669F391CBDCEBB00F3931B /* SDL2.framework */ = {isa = PBXFileReference; lastKnownFileType = wrapper.framework; name = SDL2.framework; path = ../../../../../../Library/Frameworks/SDL2.framework; sourceTree = "<group>"; };
		17A8F4781CC71C43008BC1FB /* SDL2_image.framework */ = {isa = PBXFileReference; lastKnownFileType = wrapper.framework; name = SDL2_image.framework; path = ../../../../../../Library/Frameworks/SDL2_image.framework; sourceTree = "<group>"; };
		17A8F47D1CC7266C008BC1FB /* Playerclass.cpp */ = {isa = PBXFileReference; fileEncoding = 4; lastKnownFileType = sourcecode.cpp.cpp; path = Playerclass.cpp; sourceTree = "<group>"; };
		17A8F47E1CC7266C008BC1FB /* Playerclass.hpp */ = {isa = PBXFileReference; fileEncoding = 4; lastKnownFileType = sourcecode.cpp.h; path = Playerclass.hpp; sourceTree = "<group>"; };
/* End PBXFileReference section */

/* Begin PBXFrameworksBuildPhase section */
		17669F2C1CBDCE0600F3931B /* Frameworks */ = {
			isa = PBXFrameworksBuildPhase;
			buildActionMask = 2147483647;
			files = (
				17A8F4791CC71C43008BC1FB /* SDL2_image.framework in Frameworks */,
				17669F3A1CBDCEBB00F3931B /* SDL2.framework in Frameworks */,
			);
			runOnlyForDeploymentPostprocessing = 0;
		};
/* End PBXFrameworksBuildPhase section */

/* Begin PBXGroup section */
		17669F261CBDCE0600F3931B = {
			isa = PBXGroup;
			children = (
				17A8F4781CC71C43008BC1FB /* SDL2_image.framework */,
				17669F391CBDCEBB00F3931B /* SDL2.framework */,
				17669F311CBDCE0600F3931B /* Skellingtons */,
				17669F301CBDCE0600F3931B /* Products */,
			);
			sourceTree = "<group>";
		};
		17669F301CBDCE0600F3931B /* Products */ = {
			isa = PBXGroup;
			children = (
				17669F2F1CBDCE0600F3931B /* Skellingtons */,
			);
			name = Products;
			sourceTree = "<group>";
		};
		17669F311CBDCE0600F3931B /* Skellingtons */ = {
			isa = PBXGroup;
			children = (
				17669F321CBDCE0600F3931B /* main.cpp */,
				170631951CD95DC2001E71BC /* Tileclass.cpp */,
				170631961CD95DC2001E71BC /* Tileclass.hpp */,
				170631921CD95CAD001E71BC /* Enemy.hpp */,
				170631931CD95CDA001E71BC /* Enemy.cpp */,
				17A8F47E1CC7266C008BC1FB /* Playerclass.hpp */,
				17A8F47D1CC7266C008BC1FB /* Playerclass.cpp */,
			);
			path = Skellingtons;
			sourceTree = "<group>";
		};
/* End PBXGroup section */

/* Begin PBXNativeTarget section */
		17669F2E1CBDCE0600F3931B /* Skellingtons */ = {
			isa = PBXNativeTarget;
			buildConfigurationList = 17669F361CBDCE0600F3931B /* Build configuration list for PBXNativeTarget "Skellingtons" */;
			buildPhases = (
				17669F2B1CBDCE0600F3931B /* Sources */,
				17669F2C1CBDCE0600F3931B /* Frameworks */,
				17669F2D1CBDCE0600F3931B /* CopyFiles */,
			);
			buildRules = (
			);
			dependencies = (
			);
			name = Skellingtons;
			productName = Skellingtons;
			productReference = 17669F2F1CBDCE0600F3931B /* Skellingtons */;
			productType = "com.apple.product-type.tool";
		};
/* End PBXNativeTarget section */

/* Begin PBXProject section */
		17669F271CBDCE0600F3931B /* Project object */ = {
			isa = PBXProject;
			attributes = {
				LastUpgradeCheck = 0730;
				ORGANIZATIONNAME = "Jordan Carroll";
				TargetAttributes = {
					17669F2E1CBDCE0600F3931B = {
						CreatedOnToolsVersion = 7.3;
					};
				};
			};
			buildConfigurationList = 17669F2A1CBDCE0600F3931B /* Build configuration list for PBXProject "Skellingtons" */;
			compatibilityVersion = "Xcode 3.2";
			developmentRegion = English;
			hasScannedForEncodings = 0;
			knownRegions = (
				en,
			);
			mainGroup = 17669F261CBDCE0600F3931B;
			productRefGroup = 17669F301CBDCE0600F3931B /* Products */;
			projectDirPath = "";
			projectRoot = "";
			targets = (
				17669F2E1CBDCE0600F3931B /* Skellingtons */,
			);
		};
/* End PBXProject section */

/* Begin PBXSourcesBuildPhase section */
		17669F2B1CBDCE0600F3931B /* Sources */ = {
			isa = PBXSourcesBuildPhase;
			buildActionMask = 2147483647;
			files = (
				170631941CD95CDA001E71BC /* Enemy.cpp in Sources */,
				17669F331CBDCE0600F3931B /* main.cpp in Sources */,
				170631971CD95DC2001E71BC /* Tileclass.cpp in Sources */,
				17A8F47F1CC7266C008BC1FB /* Playerclass.cpp in Sources */,
			);
			runOnlyForDeploymentPostprocessing = 0;
		};
/* End PBXSourcesBuildPhase section */

/* Begin XCBuildConfiguration section */
		17669F341CBDCE0600F3931B /* Debug */ = {
			isa = XCBuildConfiguration;
			buildSettings = {
				ALWAYS_SEARCH_USER_PATHS = NO;
				CLANG_ANALYZER_NONNULL = YES;
				CLANG_CXX_LANGUAGE_STANDARD = "gnu++0x";
				CLANG_CXX_LIBRARY = "libc++";
				CLANG_ENABLE_MODULES = YES;
				CLANG_ENABLE_OBJC_ARC = YES;
				CLANG_WARN_BOOL_CONVERSION = YES;
				CLANG_WARN_CONSTANT_CONVERSION = YES;
				CLANG_WARN_DIRECT_OBJC_ISA_USAGE = YES_ERROR;
				CLANG_WARN_EMPTY_BODY = YES;
				CLANG_WARN_ENUM_CONVERSION = YES;
				CLANG_WARN_INT_CONVERSION = YES;
				CLANG_WARN_OBJC_ROOT_CLASS = YES_ERROR;
				CLANG_WARN_UNREACHABLE_CODE = YES;
				CLANG_WARN__DUPLICATE_METHOD_MATCH = YES;
				CODE_SIGN_IDENTITY = "-";
				COPY_PHASE_STRIP = NO;
				DEBUG_INFORMATION_FORMAT = dwarf;
				ENABLE_STRICT_OBJC_MSGSEND = YES;
				ENABLE_TESTABILITY = YES;
				GCC_C_LANGUAGE_STANDARD = gnu99;
				GCC_DYNAMIC_NO_PIC = NO;
				GCC_NO_COMMON_BLOCKS = YES;
				GCC_OPTIMIZATION_LEVEL = 0;
				GCC_PREPROCESSOR_DEFINITIONS = (
					"DEBUG=1",
					"$(inherited)",
				);
				GCC_WARN_64_TO_32_BIT_CONVERSION = YES;
				GCC_WARN_ABOUT_RETURN_TYPE = YES_ERROR;
				GCC_WARN_UNDECLARED_SELECTOR = YES;
				GCC_WARN_UNINITIALIZED_AUTOS = YES_AGGRESSIVE;
				GCC_WARN_UNUSED_FUNCTION = YES;
				GCC_WARN_UNUSED_VARIABLE = YES;
				MACOSX_DEPLOYMENT_TARGET = 10.11;
				MTL_ENABLE_DEBUG_INFO = YES;
				ONLY_ACTIVE_ARCH = YES;
				SDKROOT = macosx;
			};
			name = Debug;
		};
		17669F351CBDCE0600F3931B /* Release */ = {
			isa = XCBuildConfiguration;
			buildSettings = {
				ALWAYS_SEARCH_USER_PATHS = NO;
				CLANG_ANALYZER_NONNULL = YES;
				CLANG_CXX_LANGUAGE_STANDARD = "gnu++0x";
				CLANG_CXX_LIBRARY = "libc++";
				CLANG_ENABLE_MODULES = YES;
				CLANG_ENABLE_OBJC_ARC = YES;
				CLANG_WARN_BOOL_CONVERSION = YES;
				CLANG_WARN_CONSTANT_CONVERSION = YES;
				CLANG_WARN_DIRECT_OBJC_ISA_USAGE = YES_ERROR;
				CLANG_WARN_EMPTY_BODY = YES;
				CLANG_WARN_ENUM_CONVERSION = YES;
				CLANG_WARN_INT_CONVERSION = YES;
				CLANG_WARN_OBJC_ROOT_CLASS = YES_ERROR;
				CLANG_WARN_UNREACHABLE_CODE = YES;
				CLANG_WARN__DUPLICATE_METHOD_MATCH = YES;
				CODE_SIGN_IDENTITY = "-";
				COPY_PHASE_STRIP = NO;
				DEBUG_INFORMATION_FORMAT = "dwarf-with-dsym";
				ENABLE_NS_ASSERTIONS = NO;
				ENABLE_STRICT_OBJC_MSGSEND = YES;
				GCC_C_LANGUAGE_STANDARD = gnu99;
				GCC_NO_COMMON_BLOCKS = YES;
				GCC_WARN_64_TO_32_BIT_CONVERSION = YES;
				GCC_WARN_ABOUT_RETURN_TYPE = YES_ERROR;
				GCC_WARN_UNDECLARED_SELECTOR = YES;
				GCC_WARN_UNINITIALIZED_AUTOS = YES_AGGRESSIVE;
				GCC_WARN_UNUSED_FUNCTION = YES;
				GCC_WARN_UNUSED_VARIABLE = YES;
				MACOSX_DEPLOYMENT_TARGET = 10.11;
				MTL_ENABLE_DEBUG_INFO = NO;
				SDKROOT = macosx;
			};
			name = Release;
		};
		17669F371CBDCE0600F3931B /* Debug */ = {
			isa = XCBuildConfiguration;
			buildSettings = {
				FRAMEWORK_SEARCH_PATHS = (
					"$(inherited)",
					"$(LOCAL_LIBRARY_DIR)/Frameworks",
				);
				PRODUCT_NAME = "$(TARGET_NAME)";
			};
			name = Debug;
		};
		17669F381CBDCE0600F3931B /* Release */ = {
			isa = XCBuildConfiguration;
			buildSettings = {
				FRAMEWORK_SEARCH_PATHS = (
					"$(inherited)",
					"$(LOCAL_LIBRARY_DIR)/Frameworks",
				);
				PRODUCT_NAME = "$(TARGET_NAME)";
			};
			name = Release;
		};
/* End XCBuildConfiguration section */

/* Begin XCConfigurationList section */
		17669F2A1CBDCE0600F3931B /* Build configuration list for PBXProject "Skellingtons" */ = {
			isa = XCConfigurationList;
			buildConfigurations = (
				17669F341CBDCE0600F3931B /* Debug */,
				17669F351CBDCE0600F3931B /* Release */,
			);
			defaultConfigurationIsVisible = 0;
			defaultConfigurationName = Release;
		};
		17669F361CBDCE0600F3931B /* Build configuration list for PBXNativeTarget "Skellingtons" */ = {
			isa = XCConfigurationList;
			buildConfigurations = (
				17669F371CBDCE0600F3931B /* Debug */,
				17669F381CBDCE0600F3931B /* Release */,
			);
			defaultConfigurationIsVisible = 0;
			defaultConfigurationName = Release;
		};
/* End XCConfigurationList section */
	};
	rootObject = 17669F271CBDCE0600F3931B /* Project object */;
}
